
Microsoft Visual Studio Solution File, Format Version 12.00
# Visual Studio Version 16
VisualStudioVersion = 16.0.31321.278
MinimumVisualStudioVersion = 10.0.40219.1
Project("{FAE04EC0-301F-11D3-BF4B-00C04F79EFBC}") = "practich 5", "practich 5\practich 5.csproj", "{3B2B2A63-88CE-4C73-9627-A15E1B495989}"
EndProject
Project("{2150E333-8FDC-42A3-9474-1A3956D46DE8}") = "NewFolder1", "NewFolder1", "{6063CC10-D13D-4C11-A9B2-B53C239C6959}"
EndProject
Project("{2150E333-8FDC-42A3-9474-1A3956D46DE8}") = "NewFolder2", "NewFolder2", "{EA8F13DD-EFEE-4108-9720-E83E91778983}"
EndProject
Project("{FAE04EC0-301F-11D3-BF4B-00C04F79EFBC}") = "ClassLibrary2", "ClassLibrary2\ClassLibrary2.csproj", "{BAA89EC5-93DE-4EB7-9D8E-FCEF92A5B826}"
EndProject
Global
	GlobalSection(SolutionConfigurationPlatforms) = preSolution
		Debug|Any CPU = Debug|Any CPU
		Release|Any CPU = Release|Any CPU
	EndGlobalSection
	GlobalSection(ProjectConfigurationPlatforms) = postSolution
		{3B2B2A63-88CE-4C73-9627-A15E1B495989}.Debug|Any CPU.ActiveCfg = Debug|Any CPU
		{3B2B2A63-88CE-4C73-9627-A15E1B495989}.Debug|Any CPU.Build.0 = Debug|Any CPU
		{3B2B2A63-88CE-4C73-9627-A15E1B495989}.Release|Any CPU.ActiveCfg = Release|Any CPU
		{3B2B2A63-88CE-4C73-9627-A15E1B495989}.Release|Any CPU.Build.0 = Release|Any CPU
		{BAA89EC5-93DE-4EB7-9D8E-FCEF92A5B826}.Debug|Any CPU.ActiveCfg = Debug|Any CPU
		{BAA89EC5-93DE-4EB7-9D8E-FCEF92A5B826}.Debug|Any CPU.Build.0 = Debug|Any CPU
		{BAA89EC5-93DE-4EB7-9D8E-FCEF92A5B826}.Release|Any CPU.ActiveCfg = Release|Any CPU
		{BAA89EC5-93DE-4EB7-9D8E-FCEF92A5B826}.Release|Any CPU.Build.0 = Release|Any CPU
	EndGlobalSection
	GlobalSection(SolutionProperties) = preSolution
		HideSolutionNode = FALSE
	EndGlobalSection
	GlobalSection(ExtensibilityGlobals) = postSolution
		SolutionGuid = {5468B4DA-8240-4B05-A297-EDF1E04473A3}
	EndGlobalSection
EndGlobal
